
Microsoft Visual Studio Solution File, Format Version 12.00
# Visual Studio Version 17
VisualStudioVersion = 17.7.34003.232
MinimumVisualStudioVersion = 10.0.40219.1
Project("{FAE04EC0-301F-11D3-BF4B-00C04F79EFBC}") = "EmployeeDirectory", "EmployeeDirectory.csproj", "{28DE87E6-7B77-48AE-9567-A6E3332EEA07}"
EndProject
Project("{FAE04EC0-301F-11D3-BF4B-00C04F79EFBC}") = "EmployeeDirectory.Concerns", "..\EmployeeDirectory.Concerns\EmployeeDirectory.Concerns.csproj", "{40BD528A-5C38-4AEC-8D00-6C696BB806E6}"
EndProject
Project("{FAE04EC0-301F-11D3-BF4B-00C04F79EFBC}") = "EmployeeDirectory.Data", "..\EmployeeDirectory.Data\EmployeeDirectory.Data.csproj", "{D2526707-8F5A-4EC8-9E17-AF5ED410ADDB}"
EndProject
Project("{FAE04EC0-301F-11D3-BF4B-00C04F79EFBC}") = "EmployeeDirectory.Domain", "..\EmployeeDirectory.Domain\EmployeeDirectory.Domain.csproj", "{591B90A1-6483-4785-B44E-A11EA4619D5A}"
EndProject
Project("{FAE04EC0-301F-11D3-BF4B-00C04F79EFBC}") = "EmployeeDirectory.Application", "..\EmployeeDirectory.Application\EmployeeDirectory.Application.csproj", "{AC44D723-0DFE-4DC6-9082-641BCA0AD74F}"
EndProject
Project("{FAE04EC0-301F-11D3-BF4B-00C04F79EFBC}") = "EmployeeDirectory.Infra", "..\EmployeeDirectory.Infra\EmployeeDirectory.Infra.csproj", "{5037C766-1019-4282-9AB4-52A610BAB259}"
EndProject
Global
	GlobalSection(SolutionConfigurationPlatforms) = preSolution
		Debug|Any CPU = Debug|Any CPU
		Release|Any CPU = Release|Any CPU
	EndGlobalSection
	GlobalSection(ProjectConfigurationPlatforms) = postSolution
		{28DE87E6-7B77-48AE-9567-A6E3332EEA07}.Debug|Any CPU.ActiveCfg = Debug|Any CPU
		{28DE87E6-7B77-48AE-9567-A6E3332EEA07}.Debug|Any CPU.Build.0 = Debug|Any CPU
		{28DE87E6-7B77-48AE-9567-A6E3332EEA07}.Release|Any CPU.ActiveCfg = Release|Any CPU
		{28DE87E6-7B77-48AE-9567-A6E3332EEA07}.Release|Any CPU.Build.0 = Release|Any CPU
		{40BD528A-5C38-4AEC-8D00-6C696BB806E6}.Debug|Any CPU.ActiveCfg = Debug|Any CPU
		{40BD528A-5C38-4AEC-8D00-6C696BB806E6}.Debug|Any CPU.Build.0 = Debug|Any CPU
		{40BD528A-5C38-4AEC-8D00-6C696BB806E6}.Release|Any CPU.ActiveCfg = Release|Any CPU
		{40BD528A-5C38-4AEC-8D00-6C696BB806E6}.Release|Any CPU.Build.0 = Release|Any CPU
		{D2526707-8F5A-4EC8-9E17-AF5ED410ADDB}.Debug|Any CPU.ActiveCfg = Debug|Any CPU
		{D2526707-8F5A-4EC8-9E17-AF5ED410ADDB}.Debug|Any CPU.Build.0 = Debug|Any CPU
		{D2526707-8F5A-4EC8-9E17-AF5ED410ADDB}.Release|Any CPU.ActiveCfg = Release|Any CPU
		{D2526707-8F5A-4EC8-9E17-AF5ED410ADDB}.Release|Any CPU.Build.0 = Release|Any CPU
		{591B90A1-6483-4785-B44E-A11EA4619D5A}.Debug|Any CPU.ActiveCfg = Debug|Any CPU
		{591B90A1-6483-4785-B44E-A11EA4619D5A}.Debug|Any CPU.Build.0 = Debug|Any CPU
		{591B90A1-6483-4785-B44E-A11EA4619D5A}.Release|Any CPU.ActiveCfg = Release|Any CPU
		{591B90A1-6483-4785-B44E-A11EA4619D5A}.Release|Any CPU.Build.0 = Release|Any CPU
		{AC44D723-0DFE-4DC6-9082-641BCA0AD74F}.Debug|Any CPU.ActiveCfg = Debug|Any CPU
		{AC44D723-0DFE-4DC6-9082-641BCA0AD74F}.Debug|Any CPU.Build.0 = Debug|Any CPU
		{AC44D723-0DFE-4DC6-9082-641BCA0AD74F}.Release|Any CPU.ActiveCfg = Release|Any CPU
		{AC44D723-0DFE-4DC6-9082-641BCA0AD74F}.Release|Any CPU.Build.0 = Release|Any CPU
		{5037C766-1019-4282-9AB4-52A610BAB259}.Debug|Any CPU.ActiveCfg = Debug|Any CPU
		{5037C766-1019-4282-9AB4-52A610BAB259}.Debug|Any CPU.Build.0 = Debug|Any CPU
		{5037C766-1019-4282-9AB4-52A610BAB259}.Release|Any CPU.ActiveCfg = Release|Any CPU
		{5037C766-1019-4282-9AB4-52A610BAB259}.Release|Any CPU.Build.0 = Release|Any CPU
	EndGlobalSection
	GlobalSection(SolutionProperties) = preSolution
		HideSolutionNode = FALSE
	EndGlobalSection
	GlobalSection(ExtensibilityGlobals) = postSolution
		SolutionGuid = {39F2BD2D-38DA-4962-AABE-93386B778810}
	EndGlobalSection
EndGlobal
